// !$*UTF8*$!
{
	archiveVersion = 1;
	classes = {
	};
	objectVersion = 56;
	objects = {

/* Begin PBXBuildFile section */
		CDEACE222C7877C8000D9CCF /* AppDelegate.swift in Sources */ = {isa = PBXBuildFile; fileRef = CDEACE212C7877C8000D9CCF /* AppDelegate.swift */; };
		CDEACE242C7877C8000D9CCF /* SceneDelegate.swift in Sources */ = {isa = PBXBuildFile; fileRef = CDEACE232C7877C8000D9CCF /* SceneDelegate.swift */; };
		CDEACE262C7877C8000D9CCF /* ViewController.swift in Sources */ = {isa = PBXBuildFile; fileRef = CDEACE252C7877C8000D9CCF /* ViewController.swift */; };
		CDEACE292C7877C8000D9CCF /* Base in Resources */ = {isa = PBXBuildFile; fileRef = CDEACE282C7877C8000D9CCF /* Base */; };
		CDEACE2B2C7877CA000D9CCF /* Assets.xcassets in Resources */ = {isa = PBXBuildFile; fileRef = CDEACE2A2C7877CA000D9CCF /* Assets.xcassets */; };
		CDEACE2E2C7877CA000D9CCF /* Base in Resources */ = {isa = PBXBuildFile; fileRef = CDEACE2D2C7877CA000D9CCF /* Base */; };
		CDEACE392C7877CB000D9CCF /* AppLaunchTests.swift in Sources */ = {isa = PBXBuildFile; fileRef = CDEACE382C7877CB000D9CCF /* AppLaunchTests.swift */; };
		CDEACE432C7877CB000D9CCF /* AppLaunchUITests.swift in Sources */ = {isa = PBXBuildFile; fileRef = CDEACE422C7877CB000D9CCF /* AppLaunchUITests.swift */; };
		CDEACE452C7877CB000D9CCF /* AppLaunchUITestsLaunchTests.swift in Sources */ = {isa = PBXBuildFile; fileRef = CDEACE442C7877CB000D9CCF /* AppLaunchUITestsLaunchTests.swift */; };
		CDEACE542C787A81000D9CCF /* TestingAppDelegate.swift in Sources */ = {isa = PBXBuildFile; fileRef = CDEACE532C787A81000D9CCF /* TestingAppDelegate.swift */; };
		CDEACE562C787B77000D9CCF /* main.swift in Sources */ = {isa = PBXBuildFile; fileRef = CDEACE552C787B77000D9CCF /* main.swift */; };
/* End PBXBuildFile section */

/* Begin PBXContainerItemProxy section */
		CDEACE352C7877CB000D9CCF /* PBXContainerItemProxy */ = {
			isa = PBXContainerItemProxy;
			containerPortal = CDEACE162C7877C8000D9CCF /* Project object */;
			proxyType = 1;
			remoteGlobalIDString = CDEACE1D2C7877C8000D9CCF;
			remoteInfo = AppLaunch;
		};
		CDEACE3F2C7877CB000D9CCF /* PBXContainerItemProxy */ = {
			isa = PBXContainerItemProxy;
			containerPortal = CDEACE162C7877C8000D9CCF /* Project object */;
			proxyType = 1;
			remoteGlobalIDString = CDEACE1D2C7877C8000D9CCF;
			remoteInfo = AppLaunch;
		};
/* End PBXContainerItemProxy section */

/* Begin PBXFileReference section */
		CDEACE1E2C7877C8000D9CCF /* AppLaunch.app */ = {isa = PBXFileReference; explicitFileType = wrapper.application; includeInIndex = 0; path = AppLaunch.app; sourceTree = BUILT_PRODUCTS_DIR; };
		CDEACE212C7877C8000D9CCF /* AppDelegate.swift */ = {isa = PBXFileReference; lastKnownFileType = sourcecode.swift; path = AppDelegate.swift; sourceTree = "<group>"; };
		CDEACE232C7877C8000D9CCF /* SceneDelegate.swift */ = {isa = PBXFileReference; lastKnownFileType = sourcecode.swift; path = SceneDelegate.swift; sourceTree = "<group>"; };
		CDEACE252C7877C8000D9CCF /* ViewController.swift */ = {isa = PBXFileReference; lastKnownFileType = sourcecode.swift; path = ViewController.swift; sourceTree = "<group>"; };
		CDEACE282C7877C8000D9CCF /* Base */ = {isa = PBXFileReference; lastKnownFileType = file.storyboard; name = Base; path = Base.lproj/Main.storyboard; sourceTree = "<group>"; };
		CDEACE2A2C7877CA000D9CCF /* Assets.xcassets */ = {isa = PBXFileReference; lastKnownFileType = folder.assetcatalog; path = Assets.xcassets; sourceTree = "<group>"; };
		CDEACE2D2C7877CA000D9CCF /* Base */ = {isa = PBXFileReference; lastKnownFileType = file.storyboard; name = Base; path = Base.lproj/LaunchScreen.storyboard; sourceTree = "<group>"; };
		CDEACE2F2C7877CA000D9CCF /* Info.plist */ = {isa = PBXFileReference; lastKnownFileType = text.plist.xml; path = Info.plist; sourceTree = "<group>"; };
		CDEACE342C7877CB000D9CCF /* AppLaunchTests.xctest */ = {isa = PBXFileReference; explicitFileType = wrapper.cfbundle; includeInIndex = 0; path = AppLaunchTests.xctest; sourceTree = BUILT_PRODUCTS_DIR; };
		CDEACE382C7877CB000D9CCF /* AppLaunchTests.swift */ = {isa = PBXFileReference; lastKnownFileType = sourcecode.swift; path = AppLaunchTests.swift; sourceTree = "<group>"; };
		CDEACE3E2C7877CB000D9CCF /* AppLaunchUITests.xctest */ = {isa = PBXFileReference; explicitFileType = wrapper.cfbundle; includeInIndex = 0; path = AppLaunchUITests.xctest; sourceTree = BUILT_PRODUCTS_DIR; };
		CDEACE422C7877CB000D9CCF /* AppLaunchUITests.swift */ = {isa = PBXFileReference; lastKnownFileType = sourcecode.swift; path = AppLaunchUITests.swift; sourceTree = "<group>"; };
		CDEACE442C7877CB000D9CCF /* AppLaunchUITestsLaunchTests.swift */ = {isa = PBXFileReference; lastKnownFileType = sourcecode.swift; path = AppLaunchUITestsLaunchTests.swift; sourceTree = "<group>"; };
		CDEACE532C787A81000D9CCF /* TestingAppDelegate.swift */ = {isa = PBXFileReference; lastKnownFileType = sourcecode.swift; path = TestingAppDelegate.swift; sourceTree = "<group>"; };
		CDEACE552C787B77000D9CCF /* main.swift */ = {isa = PBXFileReference; lastKnownFileType = sourcecode.swift; path = main.swift; sourceTree = "<group>"; };
/* End PBXFileReference section */

/* Begin PBXFrameworksBuildPhase section */
		CDEACE1B2C7877C8000D9CCF /* Frameworks */ = {
			isa = PBXFrameworksBuildPhase;
			buildActionMask = 2147483647;
			files = (
			);
			runOnlyForDeploymentPostprocessing = 0;
		};
		CDEACE312C7877CB000D9CCF /* Frameworks */ = {
			isa = PBXFrameworksBuildPhase;
			buildActionMask = 2147483647;
			files = (
			);
			runOnlyForDeploymentPostprocessing = 0;
		};
		CDEACE3B2C7877CB000D9CCF /* Frameworks */ = {
			isa = PBXFrameworksBuildPhase;
			buildActionMask = 2147483647;
			files = (
			);
			runOnlyForDeploymentPostprocessing = 0;
		};
/* End PBXFrameworksBuildPhase section */

/* Begin PBXGroup section */
		CDEACE152C7877C8000D9CCF = {
			isa = PBXGroup;
			children = (
				CDEACE202C7877C8000D9CCF /* AppLaunch */,
				CDEACE372C7877CB000D9CCF /* AppLaunchTests */,
				CDEACE412C7877CB000D9CCF /* AppLaunchUITests */,
				CDEACE1F2C7877C8000D9CCF /* Products */,
			);
			sourceTree = "<group>";
		};
		CDEACE1F2C7877C8000D9CCF /* Products */ = {
			isa = PBXGroup;
			children = (
				CDEACE1E2C7877C8000D9CCF /* AppLaunch.app */,
				CDEACE342C7877CB000D9CCF /* AppLaunchTests.xctest */,
				CDEACE3E2C7877CB000D9CCF /* AppLaunchUITests.xctest */,
			);
			name = Products;
			sourceTree = "<group>";
		};
		CDEACE202C7877C8000D9CCF /* AppLaunch */ = {
			isa = PBXGroup;
			children = (
				CDEACE212C7877C8000D9CCF /* AppDelegate.swift */,
				CDEACE232C7877C8000D9CCF /* SceneDelegate.swift */,
				CDEACE252C7877C8000D9CCF /* ViewController.swift */,
				CDEACE272C7877C8000D9CCF /* Main.storyboard */,
				CDEACE2A2C7877CA000D9CCF /* Assets.xcassets */,
				CDEACE2C2C7877CA000D9CCF /* LaunchScreen.storyboard */,
				CDEACE2F2C7877CA000D9CCF /* Info.plist */,
				CDEACE552C787B77000D9CCF /* main.swift */,
			);
			path = AppLaunch;
			sourceTree = "<group>";
		};
		CDEACE372C7877CB000D9CCF /* AppLaunchTests */ = {
			isa = PBXGroup;
			children = (
				CDEACE382C7877CB000D9CCF /* AppLaunchTests.swift */,
				CDEACE532C787A81000D9CCF /* TestingAppDelegate.swift */,
			);
			path = AppLaunchTests;
			sourceTree = "<group>";
		};
		CDEACE412C7877CB000D9CCF /* AppLaunchUITests */ = {
			isa = PBXGroup;
			children = (
				CDEACE422C7877CB000D9CCF /* AppLaunchUITests.swift */,
				CDEACE442C7877CB000D9CCF /* AppLaunchUITestsLaunchTests.swift */,
			);
			path = AppLaunchUITests;
			sourceTree = "<group>";
		};
/* End PBXGroup section */

/* Begin PBXNativeTarget section */
		CDEACE1D2C7877C8000D9CCF /* AppLaunch */ = {
			isa = PBXNativeTarget;
			buildConfigurationList = CDEACE482C7877CB000D9CCF /* Build configuration list for PBXNativeTarget "AppLaunch" */;
			buildPhases = (
				CDEACE1A2C7877C8000D9CCF /* Sources */,
				CDEACE1B2C7877C8000D9CCF /* Frameworks */,
				CDEACE1C2C7877C8000D9CCF /* Resources */,
			);
			buildRules = (
			);
			dependencies = (
			);
			name = AppLaunch;
			productName = AppLaunch;
			productReference = CDEACE1E2C7877C8000D9CCF /* AppLaunch.app */;
			productType = "com.apple.product-type.application";
		};
		CDEACE332C7877CB000D9CCF /* AppLaunchTests */ = {
			isa = PBXNativeTarget;
			buildConfigurationList = CDEACE4B2C7877CB000D9CCF /* Build configuration list for PBXNativeTarget "AppLaunchTests" */;
			buildPhases = (
				CDEACE302C7877CB000D9CCF /* Sources */,
				CDEACE312C7877CB000D9CCF /* Frameworks */,
				CDEACE322C7877CB000D9CCF /* Resources */,
			);
			buildRules = (
			);
			dependencies = (
				CDEACE362C7877CB000D9CCF /* PBXTargetDependency */,
			);
			name = AppLaunchTests;
			productName = AppLaunchTests;
			productReference = CDEACE342C7877CB000D9CCF /* AppLaunchTests.xctest */;
			productType = "com.apple.product-type.bundle.unit-test";
		};
		CDEACE3D2C7877CB000D9CCF /* AppLaunchUITests */ = {
			isa = PBXNativeTarget;
			buildConfigurationList = CDEACE4E2C7877CB000D9CCF /* Build configuration list for PBXNativeTarget "AppLaunchUITests" */;
			buildPhases = (
				CDEACE3A2C7877CB000D9CCF /* Sources */,
				CDEACE3B2C7877CB000D9CCF /* Frameworks */,
				CDEACE3C2C7877CB000D9CCF /* Resources */,
			);
			buildRules = (
			);
			dependencies = (
				CDEACE402C7877CB000D9CCF /* PBXTargetDependency */,
			);
			name = AppLaunchUITests;
			productName = AppLaunchUITests;
			productReference = CDEACE3E2C7877CB000D9CCF /* AppLaunchUITests.xctest */;
			productType = "com.apple.product-type.bundle.ui-testing";
		};
/* End PBXNativeTarget section */

/* Begin PBXProject section */
		CDEACE162C7877C8000D9CCF /* Project object */ = {
			isa = PBXProject;
			attributes = {
				BuildIndependentTargetsInParallel = 1;
				LastSwiftUpdateCheck = 1540;
				LastUpgradeCheck = 1540;
				TargetAttributes = {
					CDEACE1D2C7877C8000D9CCF = {
						CreatedOnToolsVersion = 15.4;
					};
					CDEACE332C7877CB000D9CCF = {
						CreatedOnToolsVersion = 15.4;
						TestTargetID = CDEACE1D2C7877C8000D9CCF;
					};
					CDEACE3D2C7877CB000D9CCF = {
						CreatedOnToolsVersion = 15.4;
						TestTargetID = CDEACE1D2C7877C8000D9CCF;
					};
				};
			};
			buildConfigurationList = CDEACE192C7877C8000D9CCF /* Build configuration list for PBXProject "AppLaunch" */;
			compatibilityVersion = "Xcode 14.0";
			developmentRegion = en;
			hasScannedForEncodings = 0;
			knownRegions = (
				en,
				Base,
			);
			mainGroup = CDEACE152C7877C8000D9CCF;
			productRefGroup = CDEACE1F2C7877C8000D9CCF /* Products */;
			projectDirPath = "";
			projectRoot = "";
			targets = (
				CDEACE1D2C7877C8000D9CCF /* AppLaunch */,
				CDEACE332C7877CB000D9CCF /* AppLaunchTests */,
				CDEACE3D2C7877CB000D9CCF /* AppLaunchUITests */,
			);
		};
/* End PBXProject section */

/* Begin PBXResourcesBuildPhase section */
		CDEACE1C2C7877C8000D9CCF /* Resources */ = {
			isa = PBXResourcesBuildPhase;
			buildActionMask = 2147483647;
			files = (
				CDEACE2B2C7877CA000D9CCF /* Assets.xcassets in Resources */,
				CDEACE2E2C7877CA000D9CCF /* Base in Resources */,
				CDEACE292C7877C8000D9CCF /* Base in Resources */,
			);
			runOnlyForDeploymentPostprocessing = 0;
		};
		CDEACE322C7877CB000D9CCF /* Resources */ = {
			isa = PBXResourcesBuildPhase;
			buildActionMask = 2147483647;
			files = (
			);
			runOnlyForDeploymentPostprocessing = 0;
		};
		CDEACE3C2C7877CB000D9CCF /* Resources */ = {
			isa = PBXResourcesBuildPhase;
			buildActionMask = 2147483647;
			files = (
			);
			runOnlyForDeploymentPostprocessing = 0;
		};
/* End PBXResourcesBuildPhase section */

/* Begin PBXSourcesBuildPhase section */
		CDEACE1A2C7877C8000D9CCF /* Sources */ = {
			isa = PBXSourcesBuildPhase;
			buildActionMask = 2147483647;
			files = (
				CDEACE262C7877C8000D9CCF /* ViewController.swift in Sources */,
				CDEACE222C7877C8000D9CCF /* AppDelegate.swift in Sources */,
				CDEACE562C787B77000D9CCF /* main.swift in Sources */,
				CDEACE242C7877C8000D9CCF /* SceneDelegate.swift in Sources */,
			);
			runOnlyForDeploymentPostprocessing = 0;
		};
		CDEACE302C7877CB000D9CCF /* Sources */ = {
			isa = PBXSourcesBuildPhase;
			buildActionMask = 2147483647;
			files = (
				CDEACE392C7877CB000D9CCF /* AppLaunchTests.swift in Sources */,
				CDEACE542C787A81000D9CCF /* TestingAppDelegate.swift in Sources */,
			);
			runOnlyForDeploymentPostprocessing = 0;
		};
		CDEACE3A2C7877CB000D9CCF /* Sources */ = {
			isa = PBXSourcesBuildPhase;
			buildActionMask = 2147483647;
			files = (
				CDEACE432C7877CB000D9CCF /* AppLaunchUITests.swift in Sources */,
				CDEACE452C7877CB000D9CCF /* AppLaunchUITestsLaunchTests.swift in Sources */,
			);
			runOnlyForDeploymentPostprocessing = 0;
		};
/* End PBXSourcesBuildPhase section */

/* Begin PBXTargetDependency section */
		CDEACE362C7877CB000D9CCF /* PBXTargetDependency */ = {
			isa = PBXTargetDependency;
			target = CDEACE1D2C7877C8000D9CCF /* AppLaunch */;
			targetProxy = CDEACE352C7877CB000D9CCF /* PBXContainerItemProxy */;
		};
		CDEACE402C7877CB000D9CCF /* PBXTargetDependency */ = {
			isa = PBXTargetDependency;
			target = CDEACE1D2C7877C8000D9CCF /* AppLaunch */;
			targetProxy = CDEACE3F2C7877CB000D9CCF /* PBXContainerItemProxy */;
		};
/* End PBXTargetDependency section */

/* Begin PBXVariantGroup section */
		CDEACE272C7877C8000D9CCF /* Main.storyboard */ = {
			isa = PBXVariantGroup;
			children = (
				CDEACE282C7877C8000D9CCF /* Base */,
			);
			name = Main.storyboard;
			sourceTree = "<group>";
		};
		CDEACE2C2C7877CA000D9CCF /* LaunchScreen.storyboard */ = {
			isa = PBXVariantGroup;
			children = (
				CDEACE2D2C7877CA000D9CCF /* Base */,
			);
			name = LaunchScreen.storyboard;
			sourceTree = "<group>";
		};
/* End PBXVariantGroup section */

/* Begin XCBuildConfiguration section */
		CDEACE462C7877CB000D9CCF /* Debug */ = {
			isa = XCBuildConfiguration;
			buildSettings = {
				ALWAYS_SEARCH_USER_PATHS = NO;
				ASSETCATALOG_COMPILER_GENERATE_SWIFT_ASSET_SYMBOL_EXTENSIONS = YES;
				CLANG_ANALYZER_NONNULL = YES;
				CLANG_ANALYZER_NUMBER_OBJECT_CONVERSION = YES_AGGRESSIVE;
				CLANG_CXX_LANGUAGE_STANDARD = "gnu++20";
				CLANG_ENABLE_MODULES = YES;
				CLANG_ENABLE_OBJC_ARC = YES;
				CLANG_ENABLE_OBJC_WEAK = YES;
				CLANG_WARN_BLOCK_CAPTURE_AUTORELEASING = YES;
				CLANG_WARN_BOOL_CONVERSION = YES;
				CLANG_WARN_COMMA = YES;
				CLANG_WARN_CONSTANT_CONVERSION = YES;
				CLANG_WARN_DEPRECATED_OBJC_IMPLEMENTATIONS = YES;
				CLANG_WARN_DIRECT_OBJC_ISA_USAGE = YES_ERROR;
				CLANG_WARN_DOCUMENTATION_COMMENTS = YES;
				CLANG_WARN_EMPTY_BODY = YES;
				CLANG_WARN_ENUM_CONVERSION = YES;
				CLANG_WARN_INFINITE_RECURSION = YES;
				CLANG_WARN_INT_CONVERSION = YES;
				CLANG_WARN_NON_LITERAL_NULL_CONVERSION = YES;
				CLANG_WARN_OBJC_IMPLICIT_RETAIN_SELF = YES;
				CLANG_WARN_OBJC_LITERAL_CONVERSION = YES;
				CLANG_WARN_OBJC_ROOT_CLASS = YES_ERROR;
				CLANG_WARN_QUOTED_INCLUDE_IN_FRAMEWORK_HEADER = YES;
				CLANG_WARN_RANGE_LOOP_ANALYSIS = YES;
				CLANG_WARN_STRICT_PROTOTYPES = YES;
				CLANG_WARN_SUSPICIOUS_MOVE = YES;
				CLANG_WARN_UNGUARDED_AVAILABILITY = YES_AGGRESSIVE;
				CLANG_WARN_UNREACHABLE_CODE = YES;
				CLANG_WARN__DUPLICATE_METHOD_MATCH = YES;
				COPY_PHASE_STRIP = NO;
				DEBUG_INFORMATION_FORMAT = dwarf;
				ENABLE_STRICT_OBJC_MSGSEND = YES;
				ENABLE_TESTABILITY = YES;
				ENABLE_USER_SCRIPT_SANDBOXING = YES;
				GCC_C_LANGUAGE_STANDARD = gnu17;
				GCC_DYNAMIC_NO_PIC = NO;
				GCC_NO_COMMON_BLOCKS = YES;
				GCC_OPTIMIZATION_LEVEL = 0;
				GCC_PREPROCESSOR_DEFINITIONS = (
					"DEBUG=1",
					"$(inherited)",
				);
				GCC_WARN_64_TO_32_BIT_CONVERSION = YES;
				GCC_WARN_ABOUT_RETURN_TYPE = YES_ERROR;
				GCC_WARN_UNDECLARED_SELECTOR = YES;
				GCC_WARN_UNINITIALIZED_AUTOS = YES_AGGRESSIVE;
				GCC_WARN_UNUSED_FUNCTION = YES;
				GCC_WARN_UNUSED_VARIABLE = YES;
				IPHONEOS_DEPLOYMENT_TARGET = 17.5;
				LOCALIZATION_PREFERS_STRING_CATALOGS = YES;
				MTL_ENABLE_DEBUG_INFO = INCLUDE_SOURCE;
				MTL_FAST_MATH = YES;
				ONLY_ACTIVE_ARCH = YES;
				SDKROOT = iphoneos;
				SWIFT_ACTIVE_COMPILATION_CONDITIONS = "DEBUG $(inherited)";
				SWIFT_OPTIMIZATION_LEVEL = "-Onone";
			};
			name = Debug;
		};
		CDEACE472C7877CB000D9CCF /* Release */ = {
			isa = XCBuildConfiguration;
			buildSettings = {
				ALWAYS_SEARCH_USER_PATHS = NO;
				ASSETCATALOG_COMPILER_GENERATE_SWIFT_ASSET_SYMBOL_EXTENSIONS = YES;
				CLANG_ANALYZER_NONNULL = YES;
				CLANG_ANALYZER_NUMBER_OBJECT_CONVERSION = YES_AGGRESSIVE;
				CLANG_CXX_LANGUAGE_STANDARD = "gnu++20";
				CLANG_ENABLE_MODULES = YES;
				CLANG_ENABLE_OBJC_ARC = YES;
				CLANG_ENABLE_OBJC_WEAK = YES;
				CLANG_WARN_BLOCK_CAPTURE_AUTORELEASING = YES;
				CLANG_WARN_BOOL_CONVERSION = YES;
				CLANG_WARN_COMMA = YES;
				CLANG_WARN_CONSTANT_CONVERSION = YES;
				CLANG_WARN_DEPRECATED_OBJC_IMPLEMENTATIONS = YES;
				CLANG_WARN_DIRECT_OBJC_ISA_USAGE = YES_ERROR;
				CLANG_WARN_DOCUMENTATION_COMMENTS = YES;
				CLANG_WARN_EMPTY_BODY = YES;
				CLANG_WARN_ENUM_CONVERSION = YES;
				CLANG_WARN_INFINITE_RECURSION = YES;
				CLANG_WARN_INT_CONVERSION = YES;
				CLANG_WARN_NON_LITERAL_NULL_CONVERSION = YES;
				CLANG_WARN_OBJC_IMPLICIT_RETAIN_SELF = YES;
				CLANG_WARN_OBJC_LITERAL_CONVERSION = YES;
				CLANG_WARN_OBJC_ROOT_CLASS = YES_ERROR;
				CLANG_WARN_QUOTED_INCLUDE_IN_FRAMEWORK_HEADER = YES;
				CLANG_WARN_RANGE_LOOP_ANALYSIS = YES;
				CLANG_WARN_STRICT_PROTOTYPES = YES;
				CLANG_WARN_SUSPICIOUS_MOVE = YES;
				CLANG_WARN_UNGUARDED_AVAILABILITY = YES_AGGRESSIVE;
				CLANG_WARN_UNREACHABLE_CODE = YES;
				CLANG_WARN__DUPLICATE_METHOD_MATCH = YES;
				COPY_PHASE_STRIP = NO;
				DEBUG_INFORMATION_FORMAT = "dwarf-with-dsym";
				ENABLE_NS_ASSERTIONS = NO;
				ENABLE_STRICT_OBJC_MSGSEND = YES;
				ENABLE_USER_SCRIPT_SANDBOXING = YES;
				GCC_C_LANGUAGE_STANDARD = gnu17;
				GCC_NO_COMMON_BLOCKS = YES;
				GCC_WARN_64_TO_32_BIT_CONVERSION = YES;
				GCC_WARN_ABOUT_RETURN_TYPE = YES_ERROR;
				GCC_WARN_UNDECLARED_SELECTOR = YES;
				GCC_WARN_UNINITIALIZED_AUTOS = YES_AGGRESSIVE;
				GCC_WARN_UNUSED_FUNCTION = YES;
				GCC_WARN_UNUSED_VARIABLE = YES;
				IPHONEOS_DEPLOYMENT_TARGET = 17.5;
				LOCALIZATION_PREFERS_STRING_CATALOGS = YES;
				MTL_ENABLE_DEBUG_INFO = NO;
				MTL_FAST_MATH = YES;
				SDKROOT = iphoneos;
				SWIFT_COMPILATION_MODE = wholemodule;
				VALIDATE_PRODUCT = YES;
			};
			name = Release;
		};
		CDEACE492C7877CB000D9CCF /* Debug */ = {
			isa = XCBuildConfiguration;
			buildSettings = {
				ASSETCATALOG_COMPILER_APPICON_NAME = AppIcon;
				ASSETCATALOG_COMPILER_GLOBAL_ACCENT_COLOR_NAME = AccentColor;
				CODE_SIGN_STYLE = Automatic;
				CURRENT_PROJECT_VERSION = 1;
				GENERATE_INFOPLIST_FILE = YES;
				INFOPLIST_FILE = AppLaunch/Info.plist;
				INFOPLIST_KEY_UIApplicationSupportsIndirectInputEvents = YES;
				INFOPLIST_KEY_UILaunchStoryboardName = LaunchScreen;
				INFOPLIST_KEY_UIMainStoryboardFile = Main;
				INFOPLIST_KEY_UISupportedInterfaceOrientations_iPad = "UIInterfaceOrientationPortrait UIInterfaceOrientationPortraitUpsideDown UIInterfaceOrientationLandscapeLeft UIInterfaceOrientationLandscapeRight";
				INFOPLIST_KEY_UISupportedInterfaceOrientations_iPhone = "UIInterfaceOrientationPortrait UIInterfaceOrientationLandscapeLeft UIInterfaceOrientationLandscapeRight";
				LD_RUNPATH_SEARCH_PATHS = (
					"$(inherited)",
					"@executable_path/Frameworks",
				);
				MARKETING_VERSION = 1.0;
				PRODUCT_BUNDLE_IDENTIFIER = com.hanis.AppLaunch;
				PRODUCT_NAME = "$(TARGET_NAME)";
				SWIFT_EMIT_LOC_STRINGS = YES;
				SWIFT_VERSION = 5.0;
				TARGETED_DEVICE_FAMILY = "1,2";
			};
			name = Debug;
		};
		CDEACE4A2C7877CB000D9CCF /* Release */ = {
			isa = XCBuildConfiguration;
			buildSettings = {
				ASSETCATALOG_COMPILER_APPICON_NAME = AppIcon;
				ASSETCATALOG_COMPILER_GLOBAL_ACCENT_COLOR_NAME = AccentColor;
				CODE_SIGN_STYLE = Automatic;
				CURRENT_PROJECT_VERSION = 1;
				GENERATE_INFOPLIST_FILE = YES;
				INFOPLIST_FILE = AppLaunch/Info.plist;
				INFOPLIST_KEY_UIApplicationSupportsIndirectInputEvents = YES;
				INFOPLIST_KEY_UILaunchStoryboardName = LaunchScreen;
				INFOPLIST_KEY_UIMainStoryboardFile = Main;
				INFOPLIST_KEY_UISupportedInterfaceOrientations_iPad = "UIInterfaceOrientationPortrait UIInterfaceOrientationPortraitUpsideDown UIInterfaceOrientationLandscapeLeft UIInterfaceOrientationLandscapeRight";
				INFOPLIST_KEY_UISupportedInterfaceOrientations_iPhone = "UIInterfaceOrientationPortrait UIInterfaceOrientationLandscapeLeft UIInterfaceOrientationLandscapeRight";
				LD_RUNPATH_SEARCH_PATHS = (
					"$(inherited)",
					"@executable_path/Frameworks",
				);
				MARKETING_VERSION = 1.0;
				PRODUCT_BUNDLE_IDENTIFIER = com.hanis.AppLaunch;
				PRODUCT_NAME = "$(TARGET_NAME)";
				SWIFT_EMIT_LOC_STRINGS = YES;
				SWIFT_VERSION = 5.0;
				TARGETED_DEVICE_FAMILY = "1,2";
			};
			name = Release;
		};
		CDEACE4C2C7877CB000D9CCF /* Debug */ = {
			isa = XCBuildConfiguration;
			buildSettings = {
				ALWAYS_EMBED_SWIFT_STANDARD_LIBRARIES = YES;
				BUNDLE_LOADER = "$(TEST_HOST)";
				CODE_SIGN_STYLE = Automatic;
				CURRENT_PROJECT_VERSION = 1;
				GENERATE_INFOPLIST_FILE = YES;
				IPHONEOS_DEPLOYMENT_TARGET = 17.5;
				MARKETING_VERSION = 1.0;
				PRODUCT_BUNDLE_IDENTIFIER = com.hanis.AppLaunchTests;
				PRODUCT_NAME = "$(TARGET_NAME)";
				SWIFT_EMIT_LOC_STRINGS = NO;
				SWIFT_VERSION = 5.0;
				TARGETED_DEVICE_FAMILY = "1,2";
				TEST_HOST = "$(BUILT_PRODUCTS_DIR)/AppLaunch.app/$(BUNDLE_EXECUTABLE_FOLDER_PATH)/AppLaunch";
			};
			name = Debug;
		};
		CDEACE4D2C7877CB000D9CCF /* Release */ = {
			isa = XCBuildConfiguration;
			buildSettings = {
				ALWAYS_EMBED_SWIFT_STANDARD_LIBRARIES = YES;
				BUNDLE_LOADER = "$(TEST_HOST)";
				CODE_SIGN_STYLE = Automatic;
				CURRENT_PROJECT_VERSION = 1;
				GENERATE_INFOPLIST_FILE = YES;
				IPHONEOS_DEPLOYMENT_TARGET = 17.5;
				MARKETING_VERSION = 1.0;
				PRODUCT_BUNDLE_IDENTIFIER = com.hanis.AppLaunchTests;
				PRODUCT_NAME = "$(TARGET_NAME)";
				SWIFT_EMIT_LOC_STRINGS = NO;
				SWIFT_VERSION = 5.0;
				TARGETED_DEVICE_FAMILY = "1,2";
				TEST_HOST = "$(BUILT_PRODUCTS_DIR)/AppLaunch.app/$(BUNDLE_EXECUTABLE_FOLDER_PATH)/AppLaunch";
			};
			name = Release;
		};
		CDEACE4F2C7877CB000D9CCF /* Debug */ = {
			isa = XCBuildConfiguration;
			buildSettings = {
				ALWAYS_EMBED_SWIFT_STANDARD_LIBRARIES = YES;
				CODE_SIGN_STYLE = Automatic;
				CURRENT_PROJECT_VERSION = 1;
				GENERATE_INFOPLIST_FILE = YES;
				MARKETING_VERSION = 1.0;
				PRODUCT_BUNDLE_IDENTIFIER = com.hanis.AppLaunchUITests;
				PRODUCT_NAME = "$(TARGET_NAME)";
				SWIFT_EMIT_LOC_STRINGS = NO;
				SWIFT_VERSION = 5.0;
				TARGETED_DEVICE_FAMILY = "1,2";
				TEST_TARGET_NAME = AppLaunch;
			};
			name = Debug;
		};
		CDEACE502C7877CB000D9CCF /* Release */ = {
			isa = XCBuildConfiguration;
			buildSettings = {
				ALWAYS_EMBED_SWIFT_STANDARD_LIBRARIES = YES;
				CODE_SIGN_STYLE = Automatic;
				CURRENT_PROJECT_VERSION = 1;
				GENERATE_INFOPLIST_FILE = YES;
				MARKETING_VERSION = 1.0;
				PRODUCT_BUNDLE_IDENTIFIER = com.hanis.AppLaunchUITests;
				PRODUCT_NAME = "$(TARGET_NAME)";
				SWIFT_EMIT_LOC_STRINGS = NO;
				SWIFT_VERSION = 5.0;
				TARGETED_DEVICE_FAMILY = "1,2";
				TEST_TARGET_NAME = AppLaunch;
			};
			name = Release;
		};
/* End XCBuildConfiguration section */

/* Begin XCConfigurationList section */
		CDEACE192C7877C8000D9CCF /* Build configuration list for PBXProject "AppLaunch" */ = {
			isa = XCConfigurationList;
			buildConfigurations = (
				CDEACE462C7877CB000D9CCF /* Debug */,
				CDEACE472C7877CB000D9CCF /* Release */,
			);
			defaultConfigurationIsVisible = 0;
			defaultConfigurationName = Release;
		};
		CDEACE482C7877CB000D9CCF /* Build configuration list for PBXNativeTarget "AppLaunch" */ = {
			isa = XCConfigurationList;
			buildConfigurations = (
				CDEACE492C7877CB000D9CCF /* Debug */,
				CDEACE4A2C7877CB000D9CCF /* Release */,
			);
			defaultConfigurationIsVisible = 0;
			defaultConfigurationName = Release;
		};
		CDEACE4B2C7877CB000D9CCF /* Build configuration list for PBXNativeTarget "AppLaunchTests" */ = {
			isa = XCConfigurationList;
			buildConfigurations = (
				CDEACE4C2C7877CB000D9CCF /* Debug */,
				CDEACE4D2C7877CB000D9CCF /* Release */,
			);
			defaultConfigurationIsVisible = 0;
			defaultConfigurationName = Release;
		};
		CDEACE4E2C7877CB000D9CCF /* Build configuration list for PBXNativeTarget "AppLaunchUITests" */ = {
			isa = XCConfigurationList;
			buildConfigurations = (
				CDEACE4F2C7877CB000D9CCF /* Debug */,
				CDEACE502C7877CB000D9CCF /* Release */,
			);
			defaultConfigurationIsVisible = 0;
			defaultConfigurationName = Release;
		};
/* End XCConfigurationList section */
	};
	rootObject = CDEACE162C7877C8000D9CCF /* Project object */;
}
